
Microsoft Visual Studio Solution File, Format Version 12.00
Project("{FAE04EC0-301F-11D3-BF4B-00C04F79EFBC}") = "Demo_Solution", "Demo_Solution\Demo_Solution.csproj", "{D52AFCF5-6783-4CE4-AEC2-351094BF736A}"
EndProject
Global
	GlobalSection(SolutionConfigurationPlatforms) = preSolution
		Debug|Any CPU = Debug|Any CPU
		Release|Any CPU = Release|Any CPU
	EndGlobalSection
	GlobalSection(ProjectConfigurationPlatforms) = postSolution
		{D52AFCF5-6783-4CE4-AEC2-351094BF736A}.Debug|Any CPU.ActiveCfg = Debug|Any CPU
		{D52AFCF5-6783-4CE4-AEC2-351094BF736A}.Debug|Any CPU.Build.0 = Debug|Any CPU
		{D52AFCF5-6783-4CE4-AEC2-351094BF736A}.Release|Any CPU.ActiveCfg = Release|Any CPU
		{D52AFCF5-6783-4CE4-AEC2-351094BF736A}.Release|Any CPU.Build.0 = Release|Any CPU
	EndGlobalSection
EndGlobal
